
Microsoft Visual Studio Solution File, Format Version 12.00
# Visual Studio Version 16
VisualStudioVersion = 16.0.31313.79
MinimumVisualStudioVersion = 10.0.40219.1
Project("{2150E333-8FDC-42A3-9474-1A3956D46DE8}") = "Services", "Services", "{EC04D949-C954-4E06-BB02-00C69BE3A38F}"
EndProject
Project("{2150E333-8FDC-42A3-9474-1A3956D46DE8}") = "Catalog", "Catalog", "{8F0580F8-98F2-42AE-B6F8-DE841D4814FE}"
EndProject
Project("{9A19103F-16F7-4668-BE54-9A1E7A4F7556}") = "Catalog.API", "Services\Catalog\Catalog.API\Catalog.API.csproj", "{21B869B0-8CF3-4AA2-81F7-2C12D7C77CA4}"
EndProject
Project("{E53339B2-1760-4266-BCC7-CA923CBCF16C}") = "docker-compose", "docker-compose.dcproj", "{A1F54BA0-15FC-4940-8CE0-8F45DC72B41B}"
EndProject
Project("{2150E333-8FDC-42A3-9474-1A3956D46DE8}") = "Basket", "Basket", "{E52FFB38-3F14-417A-BE42-EB6F27EC556B}"
EndProject
Project("{9A19103F-16F7-4668-BE54-9A1E7A4F7556}") = "Basket.API", "Services\Basket\Basket.API\Basket.API.csproj", "{976F3C50-DB7F-48F0-B447-AF91B67BD17B}"
EndProject
Project("{2150E333-8FDC-42A3-9474-1A3956D46DE8}") = "Discount", "Discount", "{420152F9-9F78-44C7-BFFF-B96D4202C445}"
EndProject
Project("{9A19103F-16F7-4668-BE54-9A1E7A4F7556}") = "Discount.API", "Services\Discount\Discount.API\Discount.API.csproj", "{9E843856-A491-4A2F-94E2-9886122E06D6}"
EndProject
Project("{9A19103F-16F7-4668-BE54-9A1E7A4F7556}") = "Discount.Grpc", "Services\Discount\Discount.Grpc\Discount.Grpc.csproj", "{D4DF9C0E-6B84-45D4-8803-005F904CFBA3}"
EndProject
Project("{2150E333-8FDC-42A3-9474-1A3956D46DE8}") = "Ordering", "Ordering", "{B5D992A6-29E9-4E4C-846F-EF7BC9B434B8}"
EndProject
Project("{FAE04EC0-301F-11D3-BF4B-00C04F79EFBC}") = "Ordering.API", "Services\Ordering\Ordering.API\Ordering.API.csproj", "{E7B9D35A-137F-4E7D-A36B-B2BF8E4923EA}"
EndProject
Project("{FAE04EC0-301F-11D3-BF4B-00C04F79EFBC}") = "Ordering.Domain", "Services\Ordering\Ordering.Domain\Ordering.Domain.csproj", "{A8ACB5A1-A130-4D1B-8B3C-43ABC3C591F8}"
EndProject
Project("{FAE04EC0-301F-11D3-BF4B-00C04F79EFBC}") = "Ordering.Application", "Services\Ordering\Ordering.Application\Ordering.Application.csproj", "{C3575D98-7AB6-4182-9BF9-660F08545EB0}"
EndProject
Project("{FAE04EC0-301F-11D3-BF4B-00C04F79EFBC}") = "Ordering.Infastructure", "Services\Ordering\Ordering.Infastructure\Ordering.Infastructure.csproj", "{62EEF5D5-D4FD-4435-97F1-D2D451145BB8}"
EndProject
Global
	GlobalSection(SolutionConfigurationPlatforms) = preSolution
		Debug|Any CPU = Debug|Any CPU
		Release|Any CPU = Release|Any CPU
	EndGlobalSection
	GlobalSection(ProjectConfigurationPlatforms) = postSolution
		{21B869B0-8CF3-4AA2-81F7-2C12D7C77CA4}.Debug|Any CPU.ActiveCfg = Debug|Any CPU
		{21B869B0-8CF3-4AA2-81F7-2C12D7C77CA4}.Debug|Any CPU.Build.0 = Debug|Any CPU
		{21B869B0-8CF3-4AA2-81F7-2C12D7C77CA4}.Release|Any CPU.ActiveCfg = Release|Any CPU
		{21B869B0-8CF3-4AA2-81F7-2C12D7C77CA4}.Release|Any CPU.Build.0 = Release|Any CPU
		{A1F54BA0-15FC-4940-8CE0-8F45DC72B41B}.Debug|Any CPU.ActiveCfg = Debug|Any CPU
		{A1F54BA0-15FC-4940-8CE0-8F45DC72B41B}.Debug|Any CPU.Build.0 = Debug|Any CPU
		{A1F54BA0-15FC-4940-8CE0-8F45DC72B41B}.Release|Any CPU.ActiveCfg = Release|Any CPU
		{A1F54BA0-15FC-4940-8CE0-8F45DC72B41B}.Release|Any CPU.Build.0 = Release|Any CPU
		{976F3C50-DB7F-48F0-B447-AF91B67BD17B}.Debug|Any CPU.ActiveCfg = Debug|Any CPU
		{976F3C50-DB7F-48F0-B447-AF91B67BD17B}.Debug|Any CPU.Build.0 = Debug|Any CPU
		{976F3C50-DB7F-48F0-B447-AF91B67BD17B}.Release|Any CPU.ActiveCfg = Release|Any CPU
		{976F3C50-DB7F-48F0-B447-AF91B67BD17B}.Release|Any CPU.Build.0 = Release|Any CPU
		{9E843856-A491-4A2F-94E2-9886122E06D6}.Debug|Any CPU.ActiveCfg = Debug|Any CPU
		{9E843856-A491-4A2F-94E2-9886122E06D6}.Debug|Any CPU.Build.0 = Debug|Any CPU
		{9E843856-A491-4A2F-94E2-9886122E06D6}.Release|Any CPU.ActiveCfg = Release|Any CPU
		{9E843856-A491-4A2F-94E2-9886122E06D6}.Release|Any CPU.Build.0 = Release|Any CPU
		{D4DF9C0E-6B84-45D4-8803-005F904CFBA3}.Debug|Any CPU.ActiveCfg = Debug|Any CPU
		{D4DF9C0E-6B84-45D4-8803-005F904CFBA3}.Debug|Any CPU.Build.0 = Debug|Any CPU
		{D4DF9C0E-6B84-45D4-8803-005F904CFBA3}.Release|Any CPU.ActiveCfg = Release|Any CPU
		{D4DF9C0E-6B84-45D4-8803-005F904CFBA3}.Release|Any CPU.Build.0 = Release|Any CPU
		{E7B9D35A-137F-4E7D-A36B-B2BF8E4923EA}.Debug|Any CPU.ActiveCfg = Debug|Any CPU
		{E7B9D35A-137F-4E7D-A36B-B2BF8E4923EA}.Debug|Any CPU.Build.0 = Debug|Any CPU
		{E7B9D35A-137F-4E7D-A36B-B2BF8E4923EA}.Release|Any CPU.ActiveCfg = Release|Any CPU
		{E7B9D35A-137F-4E7D-A36B-B2BF8E4923EA}.Release|Any CPU.Build.0 = Release|Any CPU
		{A8ACB5A1-A130-4D1B-8B3C-43ABC3C591F8}.Debug|Any CPU.ActiveCfg = Debug|Any CPU
		{A8ACB5A1-A130-4D1B-8B3C-43ABC3C591F8}.Debug|Any CPU.Build.0 = Debug|Any CPU
		{A8ACB5A1-A130-4D1B-8B3C-43ABC3C591F8}.Release|Any CPU.ActiveCfg = Release|Any CPU
		{A8ACB5A1-A130-4D1B-8B3C-43ABC3C591F8}.Release|Any CPU.Build.0 = Release|Any CPU
		{C3575D98-7AB6-4182-9BF9-660F08545EB0}.Debug|Any CPU.ActiveCfg = Debug|Any CPU
		{C3575D98-7AB6-4182-9BF9-660F08545EB0}.Debug|Any CPU.Build.0 = Debug|Any CPU
		{C3575D98-7AB6-4182-9BF9-660F08545EB0}.Release|Any CPU.ActiveCfg = Release|Any CPU
		{C3575D98-7AB6-4182-9BF9-660F08545EB0}.Release|Any CPU.Build.0 = Release|Any CPU
		{62EEF5D5-D4FD-4435-97F1-D2D451145BB8}.Debug|Any CPU.ActiveCfg = Debug|Any CPU
		{62EEF5D5-D4FD-4435-97F1-D2D451145BB8}.Debug|Any CPU.Build.0 = Debug|Any CPU
		{62EEF5D5-D4FD-4435-97F1-D2D451145BB8}.Release|Any CPU.ActiveCfg = Release|Any CPU
		{62EEF5D5-D4FD-4435-97F1-D2D451145BB8}.Release|Any CPU.Build.0 = Release|Any CPU
	EndGlobalSection
	GlobalSection(SolutionProperties) = preSolution
		HideSolutionNode = FALSE
	EndGlobalSection
	GlobalSection(NestedProjects) = preSolution
		{8F0580F8-98F2-42AE-B6F8-DE841D4814FE} = {EC04D949-C954-4E06-BB02-00C69BE3A38F}
		{21B869B0-8CF3-4AA2-81F7-2C12D7C77CA4} = {8F0580F8-98F2-42AE-B6F8-DE841D4814FE}
		{E52FFB38-3F14-417A-BE42-EB6F27EC556B} = {EC04D949-C954-4E06-BB02-00C69BE3A38F}
		{976F3C50-DB7F-48F0-B447-AF91B67BD17B} = {E52FFB38-3F14-417A-BE42-EB6F27EC556B}
		{420152F9-9F78-44C7-BFFF-B96D4202C445} = {EC04D949-C954-4E06-BB02-00C69BE3A38F}
		{9E843856-A491-4A2F-94E2-9886122E06D6} = {420152F9-9F78-44C7-BFFF-B96D4202C445}
		{D4DF9C0E-6B84-45D4-8803-005F904CFBA3} = {420152F9-9F78-44C7-BFFF-B96D4202C445}
		{B5D992A6-29E9-4E4C-846F-EF7BC9B434B8} = {EC04D949-C954-4E06-BB02-00C69BE3A38F}
		{E7B9D35A-137F-4E7D-A36B-B2BF8E4923EA} = {B5D992A6-29E9-4E4C-846F-EF7BC9B434B8}
		{A8ACB5A1-A130-4D1B-8B3C-43ABC3C591F8} = {B5D992A6-29E9-4E4C-846F-EF7BC9B434B8}
		{C3575D98-7AB6-4182-9BF9-660F08545EB0} = {B5D992A6-29E9-4E4C-846F-EF7BC9B434B8}
		{62EEF5D5-D4FD-4435-97F1-D2D451145BB8} = {B5D992A6-29E9-4E4C-846F-EF7BC9B434B8}
	EndGlobalSection
	GlobalSection(ExtensibilityGlobals) = postSolution
		SolutionGuid = {18BC9089-D9CE-4B70-9F3B-A022E553DC66}
	EndGlobalSection
EndGlobal
